
Microsoft Visual Studio Solution File, Format Version 12.00
# Visual Studio Version 17
VisualStudioVersion = 17.13.35828.75 d17.13
MinimumVisualStudioVersion = 10.0.40219.1
Project("{FAE04EC0-301F-11D3-BF4B-00C04F79EFBC}") = "WebApplication1", "WebApplication1\WebApplication1.csproj", "{5AD18FE2-0D69-42FB-8155-AAAE37FC876A}"
EndProject
Global
	GlobalSection(SolutionConfigurationPlatforms) = preSolution
		Debug|Any CPU = Debug|Any CPU
		Release|Any CPU = Release|Any CPU
	EndGlobalSection
	GlobalSection(ProjectConfigurationPlatforms) = postSolution
		{5AD18FE2-0D69-42FB-8155-AAAE37FC876A}.Debug|Any CPU.ActiveCfg = Debug|Any CPU
		{5AD18FE2-0D69-42FB-8155-AAAE37FC876A}.Debug|Any CPU.Build.0 = Debug|Any CPU
		{5AD18FE2-0D69-42FB-8155-AAAE37FC876A}.Release|Any CPU.ActiveCfg = Release|Any CPU
		{5AD18FE2-0D69-42FB-8155-AAAE37FC876A}.Release|Any CPU.Build.0 = Release|Any CPU
	EndGlobalSection
	GlobalSection(SolutionProperties) = preSolution
		HideSolutionNode = FALSE
	EndGlobalSection
	GlobalSection(ExtensibilityGlobals) = postSolution
		SolutionGuid = {952C5FCE-ED00-4A16-B243-90338B1DFC86}
	EndGlobalSection
EndGlobal
